
Microsoft Visual Studio Solution File, Format Version 12.00
# Visual Studio 15
VisualStudioVersion = 15.0.27703.2035
MinimumVisualStudioVersion = 10.0.40219.1
Project("{8BC9CEB8-8B4A-11D0-8D11-00A0C91BC942}") = "OpenGL_Game", "OpenGL_Game\OpenGL_Game.vcxproj", "{B15AD13E-8A6E-4897-AB9A-1B1F665F7A85}"
EndProject
Global
	GlobalSection(SolutionConfigurationPlatforms) = preSolution
		Debug|x64 = Debug|x64
		Debug|x86 = Debug|x86
		Release|x64 = Release|x64
		Release|x86 = Release|x86
	EndGlobalSection
	GlobalSection(ProjectConfigurationPlatforms) = postSolution
		{B15AD13E-8A6E-4897-AB9A-1B1F665F7A85}.Debug|x64.ActiveCfg = Debug|x64
		{B15AD13E-8A6E-4897-AB9A-1B1F665F7A85}.Debug|x64.Build.0 = Debug|x64
		{B15AD13E-8A6E-4897-AB9A-1B1F665F7A85}.Debug|x86.ActiveCfg = Debug|Win32
		{B15AD13E-8A6E-4897-AB9A-1B1F665F7A85}.Debug|x86.Build.0 = Debug|Win32
		{B15AD13E-8A6E-4897-AB9A-1B1F665F7A85}.Release|x64.ActiveCfg = Release|x64
		{B15AD13E-8A6E-4897-AB9A-1B1F665F7A85}.Release|x64.Build.0 = Release|x64
		{B15AD13E-8A6E-4897-AB9A-1B1F665F7A85}.Release|x86.ActiveCfg = Release|Win32
		{B15AD13E-8A6E-4897-AB9A-1B1F665F7A85}.Release|x86.Build.0 = Release|Win32
	EndGlobalSection
	GlobalSection(SolutionProperties) = preSolution
		HideSolutionNode = FALSE
	EndGlobalSection
	GlobalSection(ExtensibilityGlobals) = postSolution
		SolutionGuid = {A112A6DD-8546-40A0-83FF-81EF1B807DC1}
	EndGlobalSection
EndGlobal
