<?xml version="1.0" encoding="utf-8"?>
<Project ToolsVersion="4.0" xmlns="http://schemas.microsoft.com/developer/msbuild/2003">
  <ItemGroup>
    <Filter Include="RenderEngine">
      <UniqueIdentifier>{2ace87b4-15fe-4132-a2c4-954529db6046}</UniqueIdentifier>
    </Filter>
    <Filter Include="Shaders">
      <UniqueIdentifier>{7168bd13-fd37-4d7d-9c2e-112c922e4e47}</UniqueIdentifier>
    </Filter>
    <Filter Include="Maths">
      <UniqueIdentifier>{59e77fca-2626-40c9-986f-5c70f9fbc769}</UniqueIdentifier>
    </Filter>
    <Filter Include="Textures">
      <UniqueIdentifier>{67DA6AB6-F800-4c08-8B7A-83BB121AAD01}</UniqueIdentifier>
      <Extensions>rc;ico;cur;bmp;dlg;rc2;rct;bin;rgs;gif;jpg;jpeg;jpe;resx;tiff;tif;png;wav;mfcribbon-ms</Extensions>
    </Filter>
    <Filter Include="Misc">
      <UniqueIdentifier>{1b55aace-eb8a-4f13-855f-5d4fa3142751}</UniqueIdentifier>
    </Filter>
  </ItemGroup>
  <ItemGroup>
    <ClCompile Include="display.cpp">
      <Filter>RenderEngine</Filter>
    </ClCompile>
    <ClCompile Include="shader.cpp">
      <Filter>Shaders</Filter>
    </ClCompile>
    <ClCompile Include="vec4.cpp">
      <Filter>Maths</Filter>
    </ClCompile>
    <ClCompile Include="vec3.cpp">
      <Filter>Maths</Filter>
    </ClCompile>
    <ClCompile Include="vec2.cpp">
      <Filter>Maths</Filter>
    </ClCompile>
    <ClCompile Include="mat4.cpp">
      <Filter>Maths</Filter>
    </ClCompile>
    <ClCompile Include="mat3.cpp">
      <Filter>Maths</Filter>
    </ClCompile>
    <ClCompile Include="mat2.cpp">
      <Filter>Maths</Filter>
    </ClCompile>
    <ClCompile Include="stb_image.c">
      <Filter>Textures</Filter>
    </ClCompile>
    <ClCompile Include="texture.cpp">
      <Filter>Textures</Filter>
    </ClCompile>
    <ClCompile Include="camera.cpp">
      <Filter>RenderEngine</Filter>
    </ClCompile>
    <ClCompile Include="main.cpp" />
    <ClCompile Include="vertex_buffer.cpp">
      <Filter>RenderEngine</Filter>
    </ClCompile>
    <ClCompile Include="index_buffer.cpp">
      <Filter>RenderEngine</Filter>
    </ClCompile>
    <ClCompile Include="vertex_array.cpp">
      <Filter>RenderEngine</Filter>
    </ClCompile>
  </ItemGroup>
  <ItemGroup>
    <ClInclude Include="stb_image.h">
      <Filter>Textures</Filter>
    </ClInclude>
    <ClInclude Include="mat2.h">
      <Filter>Maths</Filter>
    </ClInclude>
    <ClInclude Include="mat3.h">
      <Filter>Maths</Filter>
    </ClInclude>
    <ClInclude Include="mat4.h">
      <Filter>Maths</Filter>
    </ClInclude>
    <ClInclude Include="mathdefinitions.h">
      <Filter>Maths</Filter>
    </ClInclude>
    <ClInclude Include="maths.h">
      <Filter>Maths</Filter>
    </ClInclude>
    <ClInclude Include="vec2.h">
      <Filter>Maths</Filter>
    </ClInclude>
    <ClInclude Include="vec3.h">
      <Filter>Maths</Filter>
    </ClInclude>
    <ClInclude Include="vec4.h">
      <Filter>Maths</Filter>
    </ClInclude>
    <ClInclude Include="camera.h">
      <Filter>RenderEngine</Filter>
    </ClInclude>
    <ClInclude Include="display.h">
      <Filter>RenderEngine</Filter>
    </ClInclude>
    <ClInclude Include="shader.h">
      <Filter>Shaders</Filter>
    </ClInclude>
    <ClInclude Include="texture.h">
      <Filter>Textures</Filter>
    </ClInclude>
    <ClInclude Include="vertex_buffer.h">
      <Filter>RenderEngine</Filter>
    </ClInclude>
    <ClInclude Include="index_buffer.h">
      <Filter>RenderEngine</Filter>
    </ClInclude>
    <ClInclude Include="comm.h">
      <Filter>Misc</Filter>
    </ClInclude>
    <ClInclude Include="vertex_array.h">
      <Filter>RenderEngine</Filter>
    </ClInclude>
  </ItemGroup>
  <ItemGroup>
    <None Include="vertex.shader">
      <Filter>Shaders</Filter>
    </None>
    <None Include="fragment.shader">
      <Filter>Shaders</Filter>
    </None>
    <None Include="lightfragment.shader">
      <Filter>Shaders</Filter>
    </None>
    <None Include="lightvertex.shader">
      <Filter>Shaders</Filter>
    </None>
  </ItemGroup>
  <ItemGroup>
    <Image Include="stones.jpg">
      <Filter>Textures</Filter>
    </Image>
    <Image Include="sun.jpg">
      <Filter>Textures</Filter>
    </Image>
  </ItemGroup>
</Project>