<?xml version="1.0" encoding="utf-8"?>
<Project ToolsVersion="4.0" xmlns="http://schemas.microsoft.com/developer/msbuild/2003">
  <ItemGroup>
    <Filter Include="RenderEngine">
      <UniqueIdentifier>{2ace87b4-15fe-4132-a2c4-954529db6046}</UniqueIdentifier>
    </Filter>
    <Filter Include="Shaders">
      <UniqueIdentifier>{7168bd13-fd37-4d7d-9c2e-112c922e4e47}</UniqueIdentifier>
    </Filter>
    <Filter Include="Maths">
      <UniqueIdentifier>{59e77fca-2626-40c9-986f-5c70f9fbc769}</UniqueIdentifier>
    </Filter>
    <Filter Include="Textures">
      <UniqueIdentifier>{67DA6AB6-F800-4c08-8B7A-83BB121AAD01}</UniqueIdentifier>
      <Extensions>rc;ico;cur;bmp;dlg;rc2;rct;bin;rgs;gif;jpg;jpeg;jpe;resx;tiff;tif;png;wav;mfcribbon-ms</Extensions>
    </Filter>
    <Filter Include="Models">
      <UniqueIdentifier>{f9f824a4-5e6a-4862-8817-fe4e31ed53d1}</UniqueIdentifier>
    </Filter>
  </ItemGroup>
  <ItemGroup>
    <ClCompile Include="display.cpp">
      <Filter>RenderEngine</Filter>
    </ClCompile>
    <ClCompile Include="shader.cpp">
      <Filter>Shaders</Filter>
    </ClCompile>
    <ClCompile Include="vec4.cpp">
      <Filter>Maths</Filter>
    </ClCompile>
    <ClCompile Include="vec3.cpp">
      <Filter>Maths</Filter>
    </ClCompile>
    <ClCompile Include="vec2.cpp">
      <Filter>Maths</Filter>
    </ClCompile>
    <ClCompile Include="mat4.cpp">
      <Filter>Maths</Filter>
    </ClCompile>
    <ClCompile Include="mat3.cpp">
      <Filter>Maths</Filter>
    </ClCompile>
    <ClCompile Include="mat2.cpp">
      <Filter>Maths</Filter>
    </ClCompile>
    <ClCompile Include="stb_image.c">
      <Filter>Textures</Filter>
    </ClCompile>
    <ClCompile Include="texture.cpp">
      <Filter>Textures</Filter>
    </ClCompile>
    <ClCompile Include="camera.cpp">
      <Filter>RenderEngine</Filter>
    </ClCompile>
    <ClCompile Include="main.cpp" />
    <ClCompile Include="entity.cpp">
      <Filter>Models</Filter>
    </ClCompile>
    <ClCompile Include="cube.cpp">
      <Filter>Models</Filter>
    </ClCompile>
  </ItemGroup>
  <ItemGroup>
    <ClInclude Include="display.hpp">
      <Filter>RenderEngine</Filter>
    </ClInclude>
    <ClInclude Include="shader.hpp">
      <Filter>Shaders</Filter>
    </ClInclude>
    <ClInclude Include="vec4.hpp">
      <Filter>Maths</Filter>
    </ClInclude>
    <ClInclude Include="vec3.hpp">
      <Filter>Maths</Filter>
    </ClInclude>
    <ClInclude Include="vec2.hpp">
      <Filter>Maths</Filter>
    </ClInclude>
    <ClInclude Include="maths.hpp">
      <Filter>Maths</Filter>
    </ClInclude>
    <ClInclude Include="mathdefinitions.hpp">
      <Filter>Maths</Filter>
    </ClInclude>
    <ClInclude Include="mat4.hpp">
      <Filter>Maths</Filter>
    </ClInclude>
    <ClInclude Include="mat3.hpp">
      <Filter>Maths</Filter>
    </ClInclude>
    <ClInclude Include="mat2.hpp">
      <Filter>Maths</Filter>
    </ClInclude>
    <ClInclude Include="stb_image.h">
      <Filter>Textures</Filter>
    </ClInclude>
    <ClInclude Include="texture.hpp">
      <Filter>Textures</Filter>
    </ClInclude>
    <ClInclude Include="camera.hpp">
      <Filter>RenderEngine</Filter>
    </ClInclude>
    <ClInclude Include="entity.hpp">
      <Filter>Models</Filter>
    </ClInclude>
    <ClInclude Include="cube.hpp">
      <Filter>Models</Filter>
    </ClInclude>
  </ItemGroup>
  <ItemGroup>
    <None Include="vertex.shader">
      <Filter>Shaders</Filter>
    </None>
    <None Include="fragment.shader">
      <Filter>Shaders</Filter>
    </None>
  </ItemGroup>
  <ItemGroup>
    <Image Include="stones.jpg">
      <Filter>Textures</Filter>
    </Image>
  </ItemGroup>
</Project>