<?xml version="1.0" encoding="utf-8"?>
<Project ToolsVersion="4.0" xmlns="http://schemas.microsoft.com/developer/msbuild/2003">
  <ItemGroup>
    <Filter Include="RenderEngine">
      <UniqueIdentifier>{2ace87b4-15fe-4132-a2c4-954529db6046}</UniqueIdentifier>
    </Filter>
    <Filter Include="Shaders">
      <UniqueIdentifier>{7168bd13-fd37-4d7d-9c2e-112c922e4e47}</UniqueIdentifier>
    </Filter>
    <Filter Include="Maths">
      <UniqueIdentifier>{59e77fca-2626-40c9-986f-5c70f9fbc769}</UniqueIdentifier>
    </Filter>
    <Filter Include="Textures">
      <UniqueIdentifier>{67DA6AB6-F800-4c08-8B7A-83BB121AAD01}</UniqueIdentifier>
      <Extensions>rc;ico;cur;bmp;dlg;rc2;rct;bin;rgs;gif;jpg;jpeg;jpe;resx;tiff;tif;png;wav;mfcribbon-ms</Extensions>
    </Filter>
    <Filter Include="Misc">
      <UniqueIdentifier>{1b55aace-eb8a-4f13-855f-5d4fa3142751}</UniqueIdentifier>
    </Filter>
    <Filter Include="Player">
      <UniqueIdentifier>{718d1694-d054-4c87-9839-30b443c57b14}</UniqueIdentifier>
    </Filter>
    <Filter Include="Tools">
      <UniqueIdentifier>{0d8c5c46-7aaa-45d4-9c50-2b1d14a04230}</UniqueIdentifier>
    </Filter>
    <Filter Include="Textures\texture_files">
      <UniqueIdentifier>{37db9ddb-44c5-4704-9451-afc7bc4bfabc}</UniqueIdentifier>
    </Filter>
    <Filter Include="Shaders\shader_files">
      <UniqueIdentifier>{de29eeda-d4df-41e0-a565-19030737854e}</UniqueIdentifier>
    </Filter>
    <Filter Include="Objects">
      <UniqueIdentifier>{78497a02-ee6b-4745-8db2-c3f6a79b7932}</UniqueIdentifier>
    </Filter>
    <Filter Include="Lights">
      <UniqueIdentifier>{662f03c0-4497-4218-bca8-db6225021f3f}</UniqueIdentifier>
    </Filter>
  </ItemGroup>
  <ItemGroup>
    <ClCompile Include="shader.cpp">
      <Filter>Shaders</Filter>
    </ClCompile>
    <ClCompile Include="vec4.cpp">
      <Filter>Maths</Filter>
    </ClCompile>
    <ClCompile Include="vec3.cpp">
      <Filter>Maths</Filter>
    </ClCompile>
    <ClCompile Include="vec2.cpp">
      <Filter>Maths</Filter>
    </ClCompile>
    <ClCompile Include="mat4.cpp">
      <Filter>Maths</Filter>
    </ClCompile>
    <ClCompile Include="texture.cpp">
      <Filter>Textures</Filter>
    </ClCompile>
    <ClCompile Include="Player.cpp">
      <Filter>Player</Filter>
    </ClCompile>
    <ClCompile Include="camera.cpp">
      <Filter>Player</Filter>
    </ClCompile>
    <ClCompile Include="stb_image.c">
      <Filter>Tools</Filter>
    </ClCompile>
    <ClCompile Include="main.cpp" />
    <ClCompile Include="Vertex.cpp">
      <Filter>RenderEngine</Filter>
    </ClCompile>
    <ClCompile Include="SpotLight.cpp">
      <Filter>Lights</Filter>
    </ClCompile>
    <ClCompile Include="Light.cpp">
      <Filter>Lights</Filter>
    </ClCompile>
    <ClCompile Include="Sphere.cpp">
      <Filter>Objects</Filter>
    </ClCompile>
    <ClCompile Include="Rectangle.cpp">
      <Filter>Objects</Filter>
    </ClCompile>
    <ClCompile Include="Cube.cpp">
      <Filter>Objects</Filter>
    </ClCompile>
    <ClCompile Include="Material.cpp">
      <Filter>Textures</Filter>
    </ClCompile>
    <ClCompile Include="Triangle.cpp">
      <Filter>Objects</Filter>
    </ClCompile>
    <ClCompile Include="Diamond.cpp">
      <Filter>Objects</Filter>
    </ClCompile>
    <ClCompile Include="PointLight.cpp">
      <Filter>Lights</Filter>
    </ClCompile>
    <ClCompile Include="DirectionalLight.cpp">
      <Filter>Lights</Filter>
    </ClCompile>
    <ClCompile Include="CubeMap.cpp">
      <Filter>Textures</Filter>
    </ClCompile>
  </ItemGroup>
  <ItemGroup>
    <ClInclude Include="mat4.h">
      <Filter>Maths</Filter>
    </ClInclude>
    <ClInclude Include="mathdefinitions.h">
      <Filter>Maths</Filter>
    </ClInclude>
    <ClInclude Include="maths.h">
      <Filter>Maths</Filter>
    </ClInclude>
    <ClInclude Include="vec2.h">
      <Filter>Maths</Filter>
    </ClInclude>
    <ClInclude Include="vec3.h">
      <Filter>Maths</Filter>
    </ClInclude>
    <ClInclude Include="vec4.h">
      <Filter>Maths</Filter>
    </ClInclude>
    <ClInclude Include="shader.h">
      <Filter>Shaders</Filter>
    </ClInclude>
    <ClInclude Include="texture.h">
      <Filter>Textures</Filter>
    </ClInclude>
    <ClInclude Include="Player.h">
      <Filter>Player</Filter>
    </ClInclude>
    <ClInclude Include="camera.h">
      <Filter>Player</Filter>
    </ClInclude>
    <ClInclude Include="stb_image.h">
      <Filter>Tools</Filter>
    </ClInclude>
    <ClInclude Include="Vertex.h">
      <Filter>RenderEngine</Filter>
    </ClInclude>
    <ClInclude Include="SpotLight.h">
      <Filter>Lights</Filter>
    </ClInclude>
    <ClInclude Include="Light.h">
      <Filter>Lights</Filter>
    </ClInclude>
    <ClInclude Include="Sphere.h">
      <Filter>Objects</Filter>
    </ClInclude>
    <ClInclude Include="Rectangle.h">
      <Filter>Objects</Filter>
    </ClInclude>
    <ClInclude Include="Cube.h">
      <Filter>Objects</Filter>
    </ClInclude>
    <ClInclude Include="Material.h">
      <Filter>Textures</Filter>
    </ClInclude>
    <ClInclude Include="Triangle.h">
      <Filter>Objects</Filter>
    </ClInclude>
    <ClInclude Include="Diamond.h">
      <Filter>Objects</Filter>
    </ClInclude>
    <ClInclude Include="PointLight.h">
      <Filter>Lights</Filter>
    </ClInclude>
    <ClInclude Include="DirectionalLight.h">
      <Filter>Lights</Filter>
    </ClInclude>
    <ClInclude Include="CubeMap.h">
      <Filter>Textures</Filter>
    </ClInclude>
  </ItemGroup>
  <ItemGroup>
    <None Include="shaders\object_vert.shader">
      <Filter>Shaders\shader_files</Filter>
    </None>
    <None Include="shaders\object_frag.shader">
      <Filter>Shaders\shader_files</Filter>
    </None>
    <None Include="shaders\cubemap_vert.shader">
      <Filter>Shaders\shader_files</Filter>
    </None>
    <None Include="shaders\cubemap_frag.shader">
      <Filter>Shaders\shader_files</Filter>
    </None>
    <None Include="resources\textures\noise5.ex5">
      <Filter>Textures\texture_files</Filter>
    </None>
    <None Include="shaders\light_frag.shader">
      <Filter>Shaders\shader_files</Filter>
    </None>
    <None Include="shaders\light_vert.shader">
      <Filter>Shaders\shader_files</Filter>
    </None>
  </ItemGroup>
  <ItemGroup>
    <Image Include="resources\textures\1857-bump.jpg">
      <Filter>Textures\texture_files</Filter>
    </Image>
    <Image Include="resources\textures\1857-diffuse.jpg">
      <Filter>Textures\texture_files</Filter>
    </Image>
    <Image Include="resources\textures\1857-displacement.jpg">
      <Filter>Textures\texture_files</Filter>
    </Image>
    <Image Include="resources\textures\1857-normal.jpg">
      <Filter>Textures\texture_files</Filter>
    </Image>
    <Image Include="resources\textures\1857-specexponent.jpg">
      <Filter>Textures\texture_files</Filter>
    </Image>
    <Image Include="resources\textures\1857-specstrength.jpg">
      <Filter>Textures\texture_files</Filter>
    </Image>
    <Image Include="resources\textures\10744-ambientocclusion.jpg">
      <Filter>Textures\texture_files</Filter>
    </Image>
    <Image Include="resources\textures\10744-bump.jpg">
      <Filter>Textures\texture_files</Filter>
    </Image>
    <Image Include="resources\textures\10744-diffuse.jpg">
      <Filter>Textures\texture_files</Filter>
    </Image>
    <Image Include="resources\textures\10744-displacement.jpg">
      <Filter>Textures\texture_files</Filter>
    </Image>
    <Image Include="resources\textures\10744-normal.jpg">
      <Filter>Textures\texture_files</Filter>
    </Image>
    <Image Include="resources\textures\10744-reflectiveocclusion.jpg">
      <Filter>Textures\texture_files</Filter>
    </Image>
    <Image Include="resources\textures\10744-specstrength.jpg">
      <Filter>Textures\texture_files</Filter>
    </Image>
    <Image Include="resources\skybox\back.jpg">
      <Filter>Textures\texture_files</Filter>
    </Image>
    <Image Include="resources\skybox\bottom.jpg">
      <Filter>Textures\texture_files</Filter>
    </Image>
    <Image Include="resources\skybox\front.jpg">
      <Filter>Textures\texture_files</Filter>
    </Image>
    <Image Include="resources\skybox\left.jpg">
      <Filter>Textures\texture_files</Filter>
    </Image>
    <Image Include="resources\textures\mixedstones-ambientocclusion.jpg">
      <Filter>Textures\texture_files</Filter>
    </Image>
    <Image Include="resources\textures\mixedstones-diffuse.jpg">
      <Filter>Textures\texture_files</Filter>
    </Image>
    <Image Include="resources\textures\mixedstones-displace.jpg">
      <Filter>Textures\texture_files</Filter>
    </Image>
    <Image Include="resources\textures\mixedstones-normal.jpg">
      <Filter>Textures\texture_files</Filter>
    </Image>
    <Image Include="resources\textures\mixedstones-specular.jpg">
      <Filter>Textures\texture_files</Filter>
    </Image>
    <Image Include="resources\skybox\right.jpg">
      <Filter>Textures\texture_files</Filter>
    </Image>
    <Image Include="resources\textures\stones.jpg">
      <Filter>Textures\texture_files</Filter>
    </Image>
    <Image Include="resources\textures\sun.jpg">
      <Filter>Textures\texture_files</Filter>
    </Image>
    <Image Include="resources\skybox\top.jpg">
      <Filter>Textures\texture_files</Filter>
    </Image>
  </ItemGroup>
</Project>